// !$*UTF8*$!
{
	archiveVersion = 1;
	classes = {
	};
	objectVersion = 46;
	objects = {

/* Begin PBXBuildFile section */
		B2E3B3D718D4F9D500D10963 /* Foundation.framework in Frameworks */ = {isa = PBXBuildFile; fileRef = B2E3B3D618D4F9D500D10963 /* Foundation.framework */; };
		B2E3B3DA18D4F9D500D10963 /* main.m in Sources */ = {isa = PBXBuildFile; fileRef = B2E3B3D918D4F9D500D10963 /* main.m */; };
		B2E3B3DE18D4F9D500D10963 /* My_Second_Objective_C_app.1 in CopyFiles */ = {isa = PBXBuildFile; fileRef = B2E3B3DD18D4F9D500D10963 /* My_Second_Objective_C_app.1 */; };
		B2E3B3E618D6135600D10963 /* Person.m in Sources */ = {isa = PBXBuildFile; fileRef = B2E3B3E518D6135600D10963 /* Person.m */; };
/* End PBXBuildFile section */

/* Begin PBXCopyFilesBuildPhase section */
		B2E3B3D118D4F9D500D10963 /* CopyFiles */ = {
			isa = PBXCopyFilesBuildPhase;
			buildActionMask = 2147483647;
			dstPath = /usr/share/man/man1/;
			dstSubfolderSpec = 0;
			files = (
				B2E3B3DE18D4F9D500D10963 /* My_Second_Objective_C_app.1 in CopyFiles */,
			);
			runOnlyForDeploymentPostprocessing = 1;
		};
/* End PBXCopyFilesBuildPhase section */

/* Begin PBXFileReference section */
		B2E3B3D318D4F9D500D10963 /* My Second Objective-C app */ = {isa = PBXFileReference; explicitFileType = "compiled.mach-o.executable"; includeInIndex = 0; path = "My Second Objective-C app"; sourceTree = BUILT_PRODUCTS_DIR; };
		B2E3B3D618D4F9D500D10963 /* Foundation.framework */ = {isa = PBXFileReference; lastKnownFileType = wrapper.framework; name = Foundation.framework; path = System/Library/Frameworks/Foundation.framework; sourceTree = SDKROOT; };
		B2E3B3D918D4F9D500D10963 /* main.m */ = {isa = PBXFileReference; lastKnownFileType = sourcecode.c.objc; path = main.m; sourceTree = "<group>"; };
		B2E3B3DC18D4F9D500D10963 /* My Second Objective-C app-Prefix.pch */ = {isa = PBXFileReference; lastKnownFileType = sourcecode.c.h; path = "My Second Objective-C app-Prefix.pch"; sourceTree = "<group>"; };
		B2E3B3DD18D4F9D500D10963 /* My_Second_Objective_C_app.1 */ = {isa = PBXFileReference; lastKnownFileType = text.man; path = My_Second_Objective_C_app.1; sourceTree = "<group>"; };
		B2E3B3E418D6135600D10963 /* Person.h */ = {isa = PBXFileReference; fileEncoding = 4; lastKnownFileType = sourcecode.c.h; path = Person.h; sourceTree = "<group>"; };
		B2E3B3E518D6135600D10963 /* Person.m */ = {isa = PBXFileReference; fileEncoding = 4; lastKnownFileType = sourcecode.c.objc; path = Person.m; sourceTree = "<group>"; };
/* End PBXFileReference section */

/* Begin PBXFrameworksBuildPhase section */
		B2E3B3D018D4F9D500D10963 /* Frameworks */ = {
			isa = PBXFrameworksBuildPhase;
			buildActionMask = 2147483647;
			files = (
				B2E3B3D718D4F9D500D10963 /* Foundation.framework in Frameworks */,
			);
			runOnlyForDeploymentPostprocessing = 0;
		};
/* End PBXFrameworksBuildPhase section */

/* Begin PBXGroup section */
		B2E3B3CA18D4F9D500D10963 = {
			isa = PBXGroup;
			children = (
				B2E3B3E418D6135600D10963 /* Person.h */,
				B2E3B3E518D6135600D10963 /* Person.m */,
				B2E3B3D818D4F9D500D10963 /* My Second Objective-C app */,
				B2E3B3D518D4F9D500D10963 /* Frameworks */,
				B2E3B3D418D4F9D500D10963 /* Products */,
			);
			sourceTree = "<group>";
		};
		B2E3B3D418D4F9D500D10963 /* Products */ = {
			isa = PBXGroup;
			children = (
				B2E3B3D318D4F9D500D10963 /* My Second Objective-C app */,
			);
			name = Products;
			sourceTree = "<group>";
		};
		B2E3B3D518D4F9D500D10963 /* Frameworks */ = {
			isa = PBXGroup;
			children = (
				B2E3B3D618D4F9D500D10963 /* Foundation.framework */,
			);
			name = Frameworks;
			sourceTree = "<group>";
		};
		B2E3B3D818D4F9D500D10963 /* My Second Objective-C app */ = {
			isa = PBXGroup;
			children = (
				B2E3B3D918D4F9D500D10963 /* main.m */,
				B2E3B3DD18D4F9D500D10963 /* My_Second_Objective_C_app.1 */,
				B2E3B3DB18D4F9D500D10963 /* Supporting Files */,
			);
			path = "My Second Objective-C app";
			sourceTree = "<group>";
		};
		B2E3B3DB18D4F9D500D10963 /* Supporting Files */ = {
			isa = PBXGroup;
			children = (
				B2E3B3DC18D4F9D500D10963 /* My Second Objective-C app-Prefix.pch */,
			);
			name = "Supporting Files";
			sourceTree = "<group>";
		};
/* End PBXGroup section */

/* Begin PBXNativeTarget section */
		B2E3B3D218D4F9D500D10963 /* My Second Objective-C app */ = {
			isa = PBXNativeTarget;
			buildConfigurationList = B2E3B3E118D4F9D500D10963 /* Build configuration list for PBXNativeTarget "My Second Objective-C app" */;
			buildPhases = (
				B2E3B3CF18D4F9D500D10963 /* Sources */,
				B2E3B3D018D4F9D500D10963 /* Frameworks */,
				B2E3B3D118D4F9D500D10963 /* CopyFiles */,
			);
			buildRules = (
			);
			dependencies = (
			);
			name = "My Second Objective-C app";
			productName = "My Second Objective-C app";
			productReference = B2E3B3D318D4F9D500D10963 /* My Second Objective-C app */;
			productType = "com.apple.product-type.tool";
		};
/* End PBXNativeTarget section */

/* Begin PBXProject section */
		B2E3B3CB18D4F9D500D10963 /* Project object */ = {
			isa = PBXProject;
			attributes = {
				LastUpgradeCheck = 0500;
				ORGANIZATIONNAME = "Fernando Garcia, Jr";
			};
			buildConfigurationList = B2E3B3CE18D4F9D500D10963 /* Build configuration list for PBXProject "My Second Objective-C app" */;
			compatibilityVersion = "Xcode 3.2";
			developmentRegion = English;
			hasScannedForEncodings = 0;
			knownRegions = (
				en,
			);
			mainGroup = B2E3B3CA18D4F9D500D10963;
			productRefGroup = B2E3B3D418D4F9D500D10963 /* Products */;
			projectDirPath = "";
			projectRoot = "";
			targets = (
				B2E3B3D218D4F9D500D10963 /* My Second Objective-C app */,
			);
		};
/* End PBXProject section */

/* Begin PBXSourcesBuildPhase section */
		B2E3B3CF18D4F9D500D10963 /* Sources */ = {
			isa = PBXSourcesBuildPhase;
			buildActionMask = 2147483647;
			files = (
				B2E3B3E618D6135600D10963 /* Person.m in Sources */,
				B2E3B3DA18D4F9D500D10963 /* main.m in Sources */,
			);
			runOnlyForDeploymentPostprocessing = 0;
		};
/* End PBXSourcesBuildPhase section */

/* Begin XCBuildConfiguration section */
		B2E3B3DF18D4F9D500D10963 /* Debug */ = {
			isa = XCBuildConfiguration;
			buildSettings = {
				ALWAYS_SEARCH_USER_PATHS = NO;
				CLANG_CXX_LANGUAGE_STANDARD = "gnu++0x";
				CLANG_CXX_LIBRARY = "libc++";
				CLANG_ENABLE_OBJC_ARC = YES;
				CLANG_WARN_BOOL_CONVERSION = YES;
				CLANG_WARN_CONSTANT_CONVERSION = YES;
				CLANG_WARN_DIRECT_OBJC_ISA_USAGE = YES_ERROR;
				CLANG_WARN_EMPTY_BODY = YES;
				CLANG_WARN_ENUM_CONVERSION = YES;
				CLANG_WARN_INT_CONVERSION = YES;
				CLANG_WARN_OBJC_ROOT_CLASS = YES_ERROR;
				CLANG_WARN__DUPLICATE_METHOD_MATCH = YES;
				COPY_PHASE_STRIP = NO;
				GCC_C_LANGUAGE_STANDARD = gnu99;
				GCC_DYNAMIC_NO_PIC = NO;
				GCC_ENABLE_OBJC_EXCEPTIONS = YES;
				GCC_OPTIMIZATION_LEVEL = 0;
				GCC_PREPROCESSOR_DEFINITIONS = (
					"DEBUG=1",
					"$(inherited)",
				);
				GCC_SYMBOLS_PRIVATE_EXTERN = NO;
				GCC_WARN_64_TO_32_BIT_CONVERSION = YES;
				GCC_WARN_ABOUT_RETURN_TYPE = YES_ERROR;
				GCC_WARN_UNDECLARED_SELECTOR = YES;
				GCC_WARN_UNINITIALIZED_AUTOS = YES;
				GCC_WARN_UNUSED_FUNCTION = YES;
				GCC_WARN_UNUSED_VARIABLE = YES;
				MACOSX_DEPLOYMENT_TARGET = 10.9;
				ONLY_ACTIVE_ARCH = YES;
				SDKROOT = macosx;
			};
			name = Debug;
		};
		B2E3B3E018D4F9D500D10963 /* Release */ = {
			isa = XCBuildConfiguration;
			buildSettings = {
				ALWAYS_SEARCH_USER_PATHS = NO;
				CLANG_CXX_LANGUAGE_STANDARD = "gnu++0x";
				CLANG_CXX_LIBRARY = "libc++";
				CLANG_ENABLE_OBJC_ARC = YES;
				CLANG_WARN_BOOL_CONVERSION = YES;
				CLANG_WARN_CONSTANT_CONVERSION = YES;
				CLANG_WARN_DIRECT_OBJC_ISA_USAGE = YES_ERROR;
				CLANG_WARN_EMPTY_BODY = YES;
				CLANG_WARN_ENUM_CONVERSION = YES;
				CLANG_WARN_INT_CONVERSION = YES;
				CLANG_WARN_OBJC_ROOT_CLASS = YES_ERROR;
				CLANG_WARN__DUPLICATE_METHOD_MATCH = YES;
				COPY_PHASE_STRIP = YES;
				DEBUG_INFORMATION_FORMAT = "dwarf-with-dsym";
				ENABLE_NS_ASSERTIONS = NO;
				GCC_C_LANGUAGE_STANDARD = gnu99;
				GCC_ENABLE_OBJC_EXCEPTIONS = YES;
				GCC_WARN_64_TO_32_BIT_CONVERSION = YES;
				GCC_WARN_ABOUT_RETURN_TYPE = YES_ERROR;
				GCC_WARN_UNDECLARED_SELECTOR = YES;
				GCC_WARN_UNINITIALIZED_AUTOS = YES;
				GCC_WARN_UNUSED_FUNCTION = YES;
				GCC_WARN_UNUSED_VARIABLE = YES;
				MACOSX_DEPLOYMENT_TARGET = 10.9;
				SDKROOT = macosx;
			};
			name = Release;
		};
		B2E3B3E218D4F9D500D10963 /* Debug */ = {
			isa = XCBuildConfiguration;
			buildSettings = {
				GCC_PRECOMPILE_PREFIX_HEADER = YES;
				GCC_PREFIX_HEADER = "My Second Objective-C app/My Second Objective-C app-Prefix.pch";
				PRODUCT_NAME = "$(TARGET_NAME)";
			};
			name = Debug;
		};
		B2E3B3E318D4F9D500D10963 /* Release */ = {
			isa = XCBuildConfiguration;
			buildSettings = {
				GCC_PRECOMPILE_PREFIX_HEADER = YES;
				GCC_PREFIX_HEADER = "My Second Objective-C app/My Second Objective-C app-Prefix.pch";
				PRODUCT_NAME = "$(TARGET_NAME)";
			};
			name = Release;
		};
/* End XCBuildConfiguration section */

/* Begin XCConfigurationList section */
		B2E3B3CE18D4F9D500D10963 /* Build configuration list for PBXProject "My Second Objective-C app" */ = {
			isa = XCConfigurationList;
			buildConfigurations = (
				B2E3B3DF18D4F9D500D10963 /* Debug */,
				B2E3B3E018D4F9D500D10963 /* Release */,
			);
			defaultConfigurationIsVisible = 0;
			defaultConfigurationName = Release;
		};
		B2E3B3E118D4F9D500D10963 /* Build configuration list for PBXNativeTarget "My Second Objective-C app" */ = {
			isa = XCConfigurationList;
			buildConfigurations = (
				B2E3B3E218D4F9D500D10963 /* Debug */,
				B2E3B3E318D4F9D500D10963 /* Release */,
			);
			defaultConfigurationIsVisible = 0;
		};
/* End XCConfigurationList section */
	};
	rootObject = B2E3B3CB18D4F9D500D10963 /* Project object */;
}
